// !$*UTF8*$!
{
	archiveVersion = 1;
	classes = {
	};
	objectVersion = 46;
	objects = {

/* Begin PBXBuildFile section */
		7E512D801CD62AC900FBF444 /* QRCodeDisplayViewController.swift in Sources */ = {isa = PBXBuildFile; fileRef = 7E512D7F1CD62AC900FBF444 /* QRCodeDisplayViewController.swift */; };
		7E512D821CD62BA600FBF444 /* ViewController.swift in Sources */ = {isa = PBXBuildFile; fileRef = 7E512D811CD62BA600FBF444 /* ViewController.swift */; };
		7E63BE621CD63B3D00608D5F /* UserInfoDTO.swift in Sources */ = {isa = PBXBuildFile; fileRef = 7E63BE611CD63B3D00608D5F /* UserInfoDTO.swift */; };
		7E908CC91CD5F40B00E36E5E /* AppDelegate.swift in Sources */ = {isa = PBXBuildFile; fileRef = 7E908CC81CD5F40B00E36E5E /* AppDelegate.swift */; };
		7E908CCB1CD5F40B00E36E5E /* AccountDetailsScanViewController.swift in Sources */ = {isa = PBXBuildFile; fileRef = 7E908CCA1CD5F40B00E36E5E /* AccountDetailsScanViewController.swift */; };
		7E908CD01CD5F40B00E36E5E /* Assets.xcassets in Resources */ = {isa = PBXBuildFile; fileRef = 7E908CCF1CD5F40B00E36E5E /* Assets.xcassets */; };
		7E908CD31CD5F40B00E36E5E /* LaunchScreen.storyboard in Resources */ = {isa = PBXBuildFile; fileRef = 7E908CD11CD5F40B00E36E5E /* LaunchScreen.storyboard */; };
		AD66F82ABD8404791244D41B /* Pods_BankOfBenyon.framework in Frameworks */ = {isa = PBXBuildFile; fileRef = 0AD28F28B7BA054ED9BF3CDB /* Pods_BankOfBenyon.framework */; };
/* End PBXBuildFile section */

/* Begin PBXFileReference section */
		0AD28F28B7BA054ED9BF3CDB /* Pods_BankOfBenyon.framework */ = {isa = PBXFileReference; explicitFileType = wrapper.framework; includeInIndex = 0; path = Pods_BankOfBenyon.framework; sourceTree = BUILT_PRODUCTS_DIR; };
		1D7B4E0D498E223FADC9F42A /* Pods-BankOfBenyon.release.xcconfig */ = {isa = PBXFileReference; includeInIndex = 1; lastKnownFileType = text.xcconfig; name = "Pods-BankOfBenyon.release.xcconfig"; path = "Pods/Target Support Files/Pods-BankOfBenyon/Pods-BankOfBenyon.release.xcconfig"; sourceTree = "<group>"; };
		7DD713A33F11D703BCFF593A /* Pods-BankOfBenyon.debug.xcconfig */ = {isa = PBXFileReference; includeInIndex = 1; lastKnownFileType = text.xcconfig; name = "Pods-BankOfBenyon.debug.xcconfig"; path = "Pods/Target Support Files/Pods-BankOfBenyon/Pods-BankOfBenyon.debug.xcconfig"; sourceTree = "<group>"; };
		7E512D7F1CD62AC900FBF444 /* QRCodeDisplayViewController.swift */ = {isa = PBXFileReference; fileEncoding = 4; lastKnownFileType = sourcecode.swift; path = QRCodeDisplayViewController.swift; sourceTree = "<group>"; };
		7E512D811CD62BA600FBF444 /* ViewController.swift */ = {isa = PBXFileReference; fileEncoding = 4; lastKnownFileType = sourcecode.swift; path = ViewController.swift; sourceTree = "<group>"; };
		7E63BE611CD63B3D00608D5F /* UserInfoDTO.swift */ = {isa = PBXFileReference; fileEncoding = 4; lastKnownFileType = sourcecode.swift; path = UserInfoDTO.swift; sourceTree = "<group>"; };
		7E908CC51CD5F40B00E36E5E /* BankOfBenyon.app */ = {isa = PBXFileReference; explicitFileType = wrapper.application; includeInIndex = 0; path = BankOfBenyon.app; sourceTree = BUILT_PRODUCTS_DIR; };
		7E908CC81CD5F40B00E36E5E /* AppDelegate.swift */ = {isa = PBXFileReference; lastKnownFileType = sourcecode.swift; path = AppDelegate.swift; sourceTree = "<group>"; };
		7E908CCA1CD5F40B00E36E5E /* AccountDetailsScanViewController.swift */ = {isa = PBXFileReference; lastKnownFileType = sourcecode.swift; path = AccountDetailsScanViewController.swift; sourceTree = "<group>"; };
		7E908CCF1CD5F40B00E36E5E /* Assets.xcassets */ = {isa = PBXFileReference; lastKnownFileType = folder.assetcatalog; path = Assets.xcassets; sourceTree = "<group>"; };
		7E908CD21CD5F40B00E36E5E /* Base */ = {isa = PBXFileReference; lastKnownFileType = file.storyboard; name = Base; path = Base.lproj/LaunchScreen.storyboard; sourceTree = "<group>"; };
		7E908CD41CD5F40B00E36E5E /* Info.plist */ = {isa = PBXFileReference; lastKnownFileType = text.plist.xml; path = Info.plist; sourceTree = "<group>"; };
/* End PBXFileReference section */

/* Begin PBXFrameworksBuildPhase section */
		7E908CC21CD5F40B00E36E5E /* Frameworks */ = {
			isa = PBXFrameworksBuildPhase;
			buildActionMask = 2147483647;
			files = (
				AD66F82ABD8404791244D41B /* Pods_BankOfBenyon.framework in Frameworks */,
			);
			runOnlyForDeploymentPostprocessing = 0;
		};
/* End PBXFrameworksBuildPhase section */

/* Begin PBXGroup section */
		03EEC967F970F76BBCD542AB /* Frameworks */ = {
			isa = PBXGroup;
			children = (
				0AD28F28B7BA054ED9BF3CDB /* Pods_BankOfBenyon.framework */,
			);
			name = Frameworks;
			sourceTree = "<group>";
		};
		6C45E1E84A214EA264835553 /* Pods */ = {
			isa = PBXGroup;
			children = (
				7DD713A33F11D703BCFF593A /* Pods-BankOfBenyon.debug.xcconfig */,
				1D7B4E0D498E223FADC9F42A /* Pods-BankOfBenyon.release.xcconfig */,
			);
			name = Pods;
			sourceTree = "<group>";
		};
		7E908CBC1CD5F40B00E36E5E = {
			isa = PBXGroup;
			children = (
				7E908CC71CD5F40B00E36E5E /* BankOfBenyon */,
				7E908CC61CD5F40B00E36E5E /* Products */,
				6C45E1E84A214EA264835553 /* Pods */,
				03EEC967F970F76BBCD542AB /* Frameworks */,
			);
			sourceTree = "<group>";
		};
		7E908CC61CD5F40B00E36E5E /* Products */ = {
			isa = PBXGroup;
			children = (
				7E908CC51CD5F40B00E36E5E /* BankOfBenyon.app */,
			);
			name = Products;
			sourceTree = "<group>";
		};
		7E908CC71CD5F40B00E36E5E /* BankOfBenyon */ = {
			isa = PBXGroup;
			children = (
				7E908CC81CD5F40B00E36E5E /* AppDelegate.swift */,
				7E908CCA1CD5F40B00E36E5E /* AccountDetailsScanViewController.swift */,
				7E512D7F1CD62AC900FBF444 /* QRCodeDisplayViewController.swift */,
				7E63BE611CD63B3D00608D5F /* UserInfoDTO.swift */,
				7E512D811CD62BA600FBF444 /* ViewController.swift */,
				7E908CCF1CD5F40B00E36E5E /* Assets.xcassets */,
				7E908CD11CD5F40B00E36E5E /* LaunchScreen.storyboard */,
				7E908CD41CD5F40B00E36E5E /* Info.plist */,
			);
			path = BankOfBenyon;
			sourceTree = "<group>";
		};
/* End PBXGroup section */

/* Begin PBXNativeTarget section */
		7E908CC41CD5F40B00E36E5E /* BankOfBenyon */ = {
			isa = PBXNativeTarget;
			buildConfigurationList = 7E908CD71CD5F40B00E36E5E /* Build configuration list for PBXNativeTarget "BankOfBenyon" */;
			buildPhases = (
				5166DE0E3D9A36B63C34B6B4 /* Check Pods Manifest.lock */,
				7E908CC11CD5F40B00E36E5E /* Sources */,
				7E908CC21CD5F40B00E36E5E /* Frameworks */,
				7E908CC31CD5F40B00E36E5E /* Resources */,
				8752D748837335A60D4EADE3 /* Embed Pods Frameworks */,
				06D7BF36B5315FC3A3E16ED9 /* Copy Pods Resources */,
			);
			buildRules = (
			);
			dependencies = (
			);
			name = BankOfBenyon;
			productName = BankOfBenyon;
			productReference = 7E908CC51CD5F40B00E36E5E /* BankOfBenyon.app */;
			productType = "com.apple.product-type.application";
		};
/* End PBXNativeTarget section */

/* Begin PBXProject section */
		7E908CBD1CD5F40B00E36E5E /* Project object */ = {
			isa = PBXProject;
			attributes = {
				LastSwiftUpdateCheck = 0730;
				LastUpgradeCheck = 0730;
				ORGANIZATIONNAME = "Will Benyon";
				TargetAttributes = {
					7E908CC41CD5F40B00E36E5E = {
						CreatedOnToolsVersion = 7.3;
						DevelopmentTeam = 8CC84G2KJS;
					};
				};
			};
			buildConfigurationList = 7E908CC01CD5F40B00E36E5E /* Build configuration list for PBXProject "BankOfBenyon" */;
			compatibilityVersion = "Xcode 3.2";
			developmentRegion = English;
			hasScannedForEncodings = 0;
			knownRegions = (
				en,
				Base,
			);
			mainGroup = 7E908CBC1CD5F40B00E36E5E;
			productRefGroup = 7E908CC61CD5F40B00E36E5E /* Products */;
			projectDirPath = "";
			projectRoot = "";
			targets = (
				7E908CC41CD5F40B00E36E5E /* BankOfBenyon */,
			);
		};
/* End PBXProject section */

/* Begin PBXResourcesBuildPhase section */
		7E908CC31CD5F40B00E36E5E /* Resources */ = {
			isa = PBXResourcesBuildPhase;
			buildActionMask = 2147483647;
			files = (
				7E908CD31CD5F40B00E36E5E /* LaunchScreen.storyboard in Resources */,
				7E908CD01CD5F40B00E36E5E /* Assets.xcassets in Resources */,
			);
			runOnlyForDeploymentPostprocessing = 0;
		};
/* End PBXResourcesBuildPhase section */

/* Begin PBXShellScriptBuildPhase section */
		06D7BF36B5315FC3A3E16ED9 /* Copy Pods Resources */ = {
			isa = PBXShellScriptBuildPhase;
			buildActionMask = 2147483647;
			files = (
			);
			inputPaths = (
			);
			name = "Copy Pods Resources";
			outputPaths = (
			);
			runOnlyForDeploymentPostprocessing = 0;
			shellPath = /bin/sh;
			shellScript = "\"${SRCROOT}/Pods/Target Support Files/Pods-BankOfBenyon/Pods-BankOfBenyon-resources.sh\"\n";
			showEnvVarsInLog = 0;
		};
		5166DE0E3D9A36B63C34B6B4 /* Check Pods Manifest.lock */ = {
			isa = PBXShellScriptBuildPhase;
			buildActionMask = 2147483647;
			files = (
			);
			inputPaths = (
			);
			name = "Check Pods Manifest.lock";
			outputPaths = (
			);
			runOnlyForDeploymentPostprocessing = 0;
			shellPath = /bin/sh;
			shellScript = "diff \"${PODS_ROOT}/../Podfile.lock\" \"${PODS_ROOT}/Manifest.lock\" > /dev/null\nif [[ $? != 0 ]] ; then\n    cat << EOM\nerror: The sandbox is not in sync with the Podfile.lock. Run 'pod install' or update your CocoaPods installation.\nEOM\n    exit 1\nfi\n";
			showEnvVarsInLog = 0;
		};
		8752D748837335A60D4EADE3 /* Embed Pods Frameworks */ = {
			isa = PBXShellScriptBuildPhase;
			buildActionMask = 2147483647;
			files = (
			);
			inputPaths = (
			);
			name = "Embed Pods Frameworks";
			outputPaths = (
			);
			runOnlyForDeploymentPostprocessing = 0;
			shellPath = /bin/sh;
			shellScript = "\"${SRCROOT}/Pods/Target Support Files/Pods-BankOfBenyon/Pods-BankOfBenyon-frameworks.sh\"\n";
			showEnvVarsInLog = 0;
		};
/* End PBXShellScriptBuildPhase section */

/* Begin PBXSourcesBuildPhase section */
		7E908CC11CD5F40B00E36E5E /* Sources */ = {
			isa = PBXSourcesBuildPhase;
			buildActionMask = 2147483647;
			files = (
				7E908CCB1CD5F40B00E36E5E /* AccountDetailsScanViewController.swift in Sources */,
				7E512D801CD62AC900FBF444 /* QRCodeDisplayViewController.swift in Sources */,
				7E63BE621CD63B3D00608D5F /* UserInfoDTO.swift in Sources */,
				7E512D821CD62BA600FBF444 /* ViewController.swift in Sources */,
				7E908CC91CD5F40B00E36E5E /* AppDelegate.swift in Sources */,
			);
			runOnlyForDeploymentPostprocessing = 0;
		};
/* End PBXSourcesBuildPhase section */

/* Begin PBXVariantGroup section */
		7E908CD11CD5F40B00E36E5E /* LaunchScreen.storyboard */ = {
			isa = PBXVariantGroup;
			children = (
				7E908CD21CD5F40B00E36E5E /* Base */,
			);
			name = LaunchScreen.storyboard;
			sourceTree = "<group>";
		};
/* End PBXVariantGroup section */

/* Begin XCBuildConfiguration section */
		7E908CD51CD5F40B00E36E5E /* Debug */ = {
			isa = XCBuildConfiguration;
			buildSettings = {
				ALWAYS_SEARCH_USER_PATHS = NO;
				CLANG_ANALYZER_NONNULL = YES;
				CLANG_CXX_LANGUAGE_STANDARD = "gnu++0x";
				CLANG_CXX_LIBRARY = "libc++";
				CLANG_ENABLE_MODULES = YES;
				CLANG_ENABLE_OBJC_ARC = YES;
				CLANG_WARN_BOOL_CONVERSION = YES;
				CLANG_WARN_CONSTANT_CONVERSION = YES;
				CLANG_WARN_DIRECT_OBJC_ISA_USAGE = YES_ERROR;
				CLANG_WARN_EMPTY_BODY = YES;
				CLANG_WARN_ENUM_CONVERSION = YES;
				CLANG_WARN_INT_CONVERSION = YES;
				CLANG_WARN_OBJC_ROOT_CLASS = YES_ERROR;
				CLANG_WARN_UNREACHABLE_CODE = YES;
				CLANG_WARN__DUPLICATE_METHOD_MATCH = YES;
				"CODE_SIGN_IDENTITY[sdk=iphoneos*]" = "iPhone Developer";
				COPY_PHASE_STRIP = NO;
				DEBUG_INFORMATION_FORMAT = dwarf;
				ENABLE_STRICT_OBJC_MSGSEND = YES;
				ENABLE_TESTABILITY = YES;
				GCC_C_LANGUAGE_STANDARD = gnu99;
				GCC_DYNAMIC_NO_PIC = NO;
				GCC_NO_COMMON_BLOCKS = YES;
				GCC_OPTIMIZATION_LEVEL = 0;
				GCC_PREPROCESSOR_DEFINITIONS = (
					"DEBUG=1",
					"$(inherited)",
				);
				GCC_WARN_64_TO_32_BIT_CONVERSION = YES;
				GCC_WARN_ABOUT_RETURN_TYPE = YES_ERROR;
				GCC_WARN_UNDECLARED_SELECTOR = YES;
				GCC_WARN_UNINITIALIZED_AUTOS = YES_AGGRESSIVE;
				GCC_WARN_UNUSED_FUNCTION = YES;
				GCC_WARN_UNUSED_VARIABLE = YES;
				IPHONEOS_DEPLOYMENT_TARGET = 9.3;
				MTL_ENABLE_DEBUG_INFO = YES;
				ONLY_ACTIVE_ARCH = YES;
				SDKROOT = iphoneos;
				SWIFT_OPTIMIZATION_LEVEL = "-Onone";
				TARGETED_DEVICE_FAMILY = "1,2";
			};
			name = Debug;
		};
		7E908CD61CD5F40B00E36E5E /* Release */ = {
			isa = XCBuildConfiguration;
			buildSettings = {
				ALWAYS_SEARCH_USER_PATHS = NO;
				CLANG_ANALYZER_NONNULL = YES;
				CLANG_CXX_LANGUAGE_STANDARD = "gnu++0x";
				CLANG_CXX_LIBRARY = "libc++";
				CLANG_ENABLE_MODULES = YES;
				CLANG_ENABLE_OBJC_ARC = YES;
				CLANG_WARN_BOOL_CONVERSION = YES;
				CLANG_WARN_CONSTANT_CONVERSION = YES;
				CLANG_WARN_DIRECT_OBJC_ISA_USAGE = YES_ERROR;
				CLANG_WARN_EMPTY_BODY = YES;
				CLANG_WARN_ENUM_CONVERSION = YES;
				CLANG_WARN_INT_CONVERSION = YES;
				CLANG_WARN_OBJC_ROOT_CLASS = YES_ERROR;
				CLANG_WARN_UNREACHABLE_CODE = YES;
				CLANG_WARN__DUPLICATE_METHOD_MATCH = YES;
				"CODE_SIGN_IDENTITY[sdk=iphoneos*]" = "iPhone Developer";
				COPY_PHASE_STRIP = NO;
				DEBUG_INFORMATION_FORMAT = "dwarf-with-dsym";
				ENABLE_NS_ASSERTIONS = NO;
				ENABLE_STRICT_OBJC_MSGSEND = YES;
				GCC_C_LANGUAGE_STANDARD = gnu99;
				GCC_NO_COMMON_BLOCKS = YES;
				GCC_WARN_64_TO_32_BIT_CONVERSION = YES;
				GCC_WARN_ABOUT_RETURN_TYPE = YES_ERROR;
				GCC_WARN_UNDECLARED_SELECTOR = YES;
				GCC_WARN_UNINITIALIZED_AUTOS = YES_AGGRESSIVE;
				GCC_WARN_UNUSED_FUNCTION = YES;
				GCC_WARN_UNUSED_VARIABLE = YES;
				IPHONEOS_DEPLOYMENT_TARGET = 9.3;
				MTL_ENABLE_DEBUG_INFO = NO;
				SDKROOT = iphoneos;
				TARGETED_DEVICE_FAMILY = "1,2";
				VALIDATE_PRODUCT = YES;
			};
			name = Release;
		};
		7E908CD81CD5F40B00E36E5E /* Debug */ = {
			isa = XCBuildConfiguration;
			baseConfigurationReference = 7DD713A33F11D703BCFF593A /* Pods-BankOfBenyon.debug.xcconfig */;
			buildSettings = {
				ASSETCATALOG_COMPILER_APPICON_NAME = AppIcon;
				CODE_SIGN_IDENTITY = "iPhone Developer";
				INFOPLIST_FILE = BankOfBenyon/Info.plist;
				LD_RUNPATH_SEARCH_PATHS = "$(inherited) @executable_path/Frameworks";
				PRODUCT_BUNDLE_IDENTIFIER = io.benyon.BankOfBenyon;
				PRODUCT_NAME = "$(TARGET_NAME)";
			};
			name = Debug;
		};
		7E908CD91CD5F40B00E36E5E /* Release */ = {
			isa = XCBuildConfiguration;
			baseConfigurationReference = 1D7B4E0D498E223FADC9F42A /* Pods-BankOfBenyon.release.xcconfig */;
			buildSettings = {
				ASSETCATALOG_COMPILER_APPICON_NAME = AppIcon;
				CODE_SIGN_IDENTITY = "iPhone Developer";
				INFOPLIST_FILE = BankOfBenyon/Info.plist;
				LD_RUNPATH_SEARCH_PATHS = "$(inherited) @executable_path/Frameworks";
				PRODUCT_BUNDLE_IDENTIFIER = io.benyon.BankOfBenyon;
				PRODUCT_NAME = "$(TARGET_NAME)";
			};
			name = Release;
		};
/* End XCBuildConfiguration section */

/* Begin XCConfigurationList section */
		7E908CC01CD5F40B00E36E5E /* Build configuration list for PBXProject "BankOfBenyon" */ = {
			isa = XCConfigurationList;
			buildConfigurations = (
				7E908CD51CD5F40B00E36E5E /* Debug */,
				7E908CD61CD5F40B00E36E5E /* Release */,
			);
			defaultConfigurationIsVisible = 0;
			defaultConfigurationName = Release;
		};
		7E908CD71CD5F40B00E36E5E /* Build configuration list for PBXNativeTarget "BankOfBenyon" */ = {
			isa = XCConfigurationList;
			buildConfigurations = (
				7E908CD81CD5F40B00E36E5E /* Debug */,
				7E908CD91CD5F40B00E36E5E /* Release */,
			);
			defaultConfigurationIsVisible = 0;
			defaultConfigurationName = Release;
		};
/* End XCConfigurationList section */
	};
	rootObject = 7E908CBD1CD5F40B00E36E5E /* Project object */;
}
